
Microsoft Visual Studio Solution File, Format Version 12.00
# Visual Studio Version 17
VisualStudioVersion = 17.9.34622.214
MinimumVisualStudioVersion = 10.0.40219.1
Project("{FAE04EC0-301F-11D3-BF4B-00C04F79EFBC}") = "web-api-remit-rocket", "web-api-remit-rocket.csproj", "{0F35822A-98F3-48EF-898B-EE171BE68BCB}"
EndProject
Global
	GlobalSection(SolutionConfigurationPlatforms) = preSolution
		Debug|Any CPU = Debug|Any CPU
		Release|Any CPU = Release|Any CPU
	EndGlobalSection
	GlobalSection(ProjectConfigurationPlatforms) = postSolution
		{0F35822A-98F3-48EF-898B-EE171BE68BCB}.Debug|Any CPU.ActiveCfg = Debug|Any CPU
		{0F35822A-98F3-48EF-898B-EE171BE68BCB}.Debug|Any CPU.Build.0 = Debug|Any CPU
		{0F35822A-98F3-48EF-898B-EE171BE68BCB}.Release|Any CPU.ActiveCfg = Release|Any CPU
		{0F35822A-98F3-48EF-898B-EE171BE68BCB}.Release|Any CPU.Build.0 = Release|Any CPU
	EndGlobalSection
	GlobalSection(SolutionProperties) = preSolution
		HideSolutionNode = FALSE
	EndGlobalSection
	GlobalSection(ExtensibilityGlobals) = postSolution
		SolutionGuid = {3F5A1330-1885-45BF-B34D-8D9AEAD7233A}
	EndGlobalSection
EndGlobal
